
Microsoft Visual Studio Solution File, Format Version 12.00
# Visual Studio Version 17
VisualStudioVersion = 17.0.31903.59
MinimumVisualStudioVersion = 10.0.40219.1
Project("{2150E333-8FDC-42A3-9474-1A3956D46DE8}") = "Shared", "Shared", "{B1BBB84E-D706-46C6-A3DC-BCC60F0FC406}"
EndProject
Project("{2150E333-8FDC-42A3-9474-1A3956D46DE8}") = "Bootstrapper", "Bootstrapper", "{4AE2B68D-85FA-481B-87F3-BCC9B5B99513}"
EndProject
Project("{2150E333-8FDC-42A3-9474-1A3956D46DE8}") = "Modules", "Modules", "{1CE856D2-F9B6-4F8F-8EA0-C81BE683EF0E}"
EndProject
Project("{FAE04EC0-301F-11D3-BF4B-00C04F79EFBC}") = "Solgen.Shared.Abstractions", "Shared\Solgen.Shared.Abstractions\Solgen.Shared.Abstractions.csproj", "{B7643FBE-7160-45A9-91C2-9C62F75C1261}"
EndProject
Global
	GlobalSection(SolutionConfigurationPlatforms) = preSolution
		Debug|Any CPU = Debug|Any CPU
		Release|Any CPU = Release|Any CPU
	EndGlobalSection
	GlobalSection(SolutionProperties) = preSolution
		HideSolutionNode = FALSE
	EndGlobalSection
	GlobalSection(NestedProjects) = preSolution
		{B7643FBE-7160-45A9-91C2-9C62F75C1261} = {B1BBB84E-D706-46C6-A3DC-BCC60F0FC406}
	EndGlobalSection
	GlobalSection(ProjectConfigurationPlatforms) = postSolution
		{B7643FBE-7160-45A9-91C2-9C62F75C1261}.Debug|Any CPU.ActiveCfg = Debug|Any CPU
		{B7643FBE-7160-45A9-91C2-9C62F75C1261}.Debug|Any CPU.Build.0 = Debug|Any CPU
		{B7643FBE-7160-45A9-91C2-9C62F75C1261}.Release|Any CPU.ActiveCfg = Release|Any CPU
		{B7643FBE-7160-45A9-91C2-9C62F75C1261}.Release|Any CPU.Build.0 = Release|Any CPU
	EndGlobalSection
EndGlobal
